
Microsoft Visual Studio Solution File, Format Version 11.00
# Visual Studio 2010
Project("{FAE04EC0-301F-11D3-BF4B-00C04F79EFBC}") = "Final2", "Assembly-CSharp.csproj", "{76B9DC86-DC55-C8A6-BC24-6746BE7E450E}"
EndProject
Project("{FAE04EC0-301F-11D3-BF4B-00C04F79EFBC}") = "Final2", "Assembly-CSharp-firstpass.csproj", "{2CEAB71D-267D-00B5-2A33-A7417C6A391E}"
EndProject
Project("{FAE04EC0-301F-11D3-BF4B-00C04F79EFBC}") = "Final2", "Assembly-CSharp-Editor-firstpass.csproj", "{0D529199-011E-7655-A103-45E96E2FD6C5}"
EndProject
Global
	GlobalSection(SolutionConfigurationPlatforms) = preSolution
		Debug|Any CPU = Debug|Any CPU
		Release|Any CPU = Release|Any CPU
	EndGlobalSection
	GlobalSection(ProjectConfigurationPlatforms) = postSolution
		{76B9DC86-DC55-C8A6-BC24-6746BE7E450E}.Debug|Any CPU.ActiveCfg = Debug|Any CPU
		{76B9DC86-DC55-C8A6-BC24-6746BE7E450E}.Debug|Any CPU.Build.0 = Debug|Any CPU
		{76B9DC86-DC55-C8A6-BC24-6746BE7E450E}.Release|Any CPU.ActiveCfg = Release|Any CPU
		{76B9DC86-DC55-C8A6-BC24-6746BE7E450E}.Release|Any CPU.Build.0 = Release|Any CPU
		{2CEAB71D-267D-00B5-2A33-A7417C6A391E}.Debug|Any CPU.ActiveCfg = Debug|Any CPU
		{2CEAB71D-267D-00B5-2A33-A7417C6A391E}.Debug|Any CPU.Build.0 = Debug|Any CPU
		{2CEAB71D-267D-00B5-2A33-A7417C6A391E}.Release|Any CPU.ActiveCfg = Release|Any CPU
		{2CEAB71D-267D-00B5-2A33-A7417C6A391E}.Release|Any CPU.Build.0 = Release|Any CPU
		{0D529199-011E-7655-A103-45E96E2FD6C5}.Debug|Any CPU.ActiveCfg = Debug|Any CPU
		{0D529199-011E-7655-A103-45E96E2FD6C5}.Debug|Any CPU.Build.0 = Debug|Any CPU
		{0D529199-011E-7655-A103-45E96E2FD6C5}.Release|Any CPU.ActiveCfg = Release|Any CPU
		{0D529199-011E-7655-A103-45E96E2FD6C5}.Release|Any CPU.Build.0 = Release|Any CPU
	EndGlobalSection
	GlobalSection(SolutionProperties) = preSolution
		HideSolutionNode = FALSE
	EndGlobalSection
	GlobalSection(MonoDevelopProperties) = preSolution
		StartupItem = Assembly-CSharp.csproj
	EndGlobalSection
EndGlobal
